
Microsoft Visual Studio Solution File, Format Version 12.00
# Visual Studio Version 17
Project("{8BC9CEB8-8B4A-11D0-8D11-00A0C91BC942}") = "rsl", "src\rsl\rsl.vcxproj", "{16A7880B-82B0-887C-0B2C-9F7C7734947C}"
EndProject
Global
	GlobalSection(SolutionConfigurationPlatforms) = preSolution
		Debug64|x64 = Debug64|x64
		Release64|x64 = Release64|x64
	EndGlobalSection
	GlobalSection(ProjectConfigurationPlatforms) = postSolution
		{16A7880B-82B0-887C-0B2C-9F7C7734947C}.Debug64|x64.ActiveCfg = Debug64|x64
		{16A7880B-82B0-887C-0B2C-9F7C7734947C}.Debug64|x64.Build.0 = Debug64|x64
		{16A7880B-82B0-887C-0B2C-9F7C7734947C}.Release64|x64.ActiveCfg = Release64|x64
		{16A7880B-82B0-887C-0B2C-9F7C7734947C}.Release64|x64.Build.0 = Release64|x64
	EndGlobalSection
	GlobalSection(SolutionProperties) = preSolution
		HideSolutionNode = FALSE
	EndGlobalSection
EndGlobal
